
Microsoft Visual Studio Solution File, Format Version 12.00
# Visual Studio Version 17
VisualStudioVersion = 17.6.33829.357
MinimumVisualStudioVersion = 10.0.40219.1
Project("{FAE04EC0-301F-11D3-BF4B-00C04F79EFBC}") = "NexosTestFront", "NexosTestFront\NexosTestFront.csproj", "{3F494B77-BB7C-4267-A470-81BD1294E065}"
EndProject
Global
	GlobalSection(SolutionConfigurationPlatforms) = preSolution
		Debug|Any CPU = Debug|Any CPU
		Release|Any CPU = Release|Any CPU
	EndGlobalSection
	GlobalSection(ProjectConfigurationPlatforms) = postSolution
		{3F494B77-BB7C-4267-A470-81BD1294E065}.Debug|Any CPU.ActiveCfg = Debug|Any CPU
		{3F494B77-BB7C-4267-A470-81BD1294E065}.Debug|Any CPU.Build.0 = Debug|Any CPU
		{3F494B77-BB7C-4267-A470-81BD1294E065}.Release|Any CPU.ActiveCfg = Release|Any CPU
		{3F494B77-BB7C-4267-A470-81BD1294E065}.Release|Any CPU.Build.0 = Release|Any CPU
	EndGlobalSection
	GlobalSection(SolutionProperties) = preSolution
		HideSolutionNode = FALSE
	EndGlobalSection
	GlobalSection(ExtensibilityGlobals) = postSolution
		SolutionGuid = {A9E99B7D-6B7F-45F9-8CF9-CABAB7256597}
	EndGlobalSection
EndGlobal
